
Microsoft Visual Studio Solution File, Format Version 12.00
# Visual Studio 15
VisualStudioVersion = 15.0.28307.902
MinimumVisualStudioVersion = 10.0.40219.1
Project("{FAE04EC0-301F-11D3-BF4B-00C04F79EFBC}") = "BrfAlbert.Aptus", "BrfAlbert.Aptus\BrfAlbert.Aptus.csproj", "{6CEB4317-4BB9-410C-82D0-22E1B5F73742}"
EndProject
Global
	GlobalSection(SolutionConfigurationPlatforms) = preSolution
		Debug|Any CPU = Debug|Any CPU
		Release|Any CPU = Release|Any CPU
	EndGlobalSection
	GlobalSection(ProjectConfigurationPlatforms) = postSolution
		{6CEB4317-4BB9-410C-82D0-22E1B5F73742}.Debug|Any CPU.ActiveCfg = Debug|Any CPU
		{6CEB4317-4BB9-410C-82D0-22E1B5F73742}.Debug|Any CPU.Build.0 = Debug|Any CPU
		{6CEB4317-4BB9-410C-82D0-22E1B5F73742}.Release|Any CPU.ActiveCfg = Release|Any CPU
		{6CEB4317-4BB9-410C-82D0-22E1B5F73742}.Release|Any CPU.Build.0 = Release|Any CPU
	EndGlobalSection
	GlobalSection(SolutionProperties) = preSolution
		HideSolutionNode = FALSE
	EndGlobalSection
	GlobalSection(ExtensibilityGlobals) = postSolution
		SolutionGuid = {2E43BEC3-7567-49B1-801A-863433DF5B6F}
	EndGlobalSection
EndGlobal
